<?xml version="1.0" encoding="utf-8"?>
<Project ToolsVersion="4.0" xmlns="http://schemas.microsoft.com/developer/msbuild/2003">
  <ItemGroup>
    <Filter Include="Nutcracker">
      <UniqueIdentifier>{17305F91-03E8-A0DE-6CEF-793A58C63BCF}</UniqueIdentifier>
    </Filter>
    <Filter Include="Nutcracker\Event">
      <UniqueIdentifier>{A8264425-941F-6377-BD51-48FCA9A94283}</UniqueIdentifier>
    </Filter>
    <Filter Include="Nutcracker\Platform">
      <UniqueIdentifier>{4B761680-B7D7-F38D-4045-3A40ACA52A4D}</UniqueIdentifier>
    </Filter>
  </ItemGroup>
  <ItemGroup>
    <ClInclude Include="src\Nutcracker.h" />
    <ClInclude Include="src\Nutcracker\Application.h">
      <Filter>Nutcracker</Filter>
    </ClInclude>
    <ClInclude Include="src\Nutcracker\Core.h">
      <Filter>Nutcracker</Filter>
    </ClInclude>
    <ClInclude Include="src\Nutcracker\EntryPoint.h">
      <Filter>Nutcracker</Filter>
    </ClInclude>
    <ClInclude Include="src\Nutcracker\Event\ApplicationEvent.h">
      <Filter>Nutcracker\Event</Filter>
    </ClInclude>
    <ClInclude Include="src\Nutcracker\Event\Event.h">
      <Filter>Nutcracker\Event</Filter>
    </ClInclude>
    <ClInclude Include="src\Nutcracker\Event\KeyEvent.h">
      <Filter>Nutcracker\Event</Filter>
    </ClInclude>
    <ClInclude Include="src\Nutcracker\Event\MouseEvent.h">
      <Filter>Nutcracker\Event</Filter>
    </ClInclude>
    <ClInclude Include="src\Nutcracker\Log.h">
      <Filter>Nutcracker</Filter>
    </ClInclude>
    <ClInclude Include="src\Nutcracker\Platform\WindowsWindow.h">
      <Filter>Nutcracker\Platform</Filter>
    </ClInclude>
    <ClInclude Include="src\Nutcracker\Window.h">
      <Filter>Nutcracker</Filter>
    </ClInclude>
    <ClInclude Include="src\ncpch.h" />
    <ClInclude Include="src\Nutcracker\Layer.h" />
    <ClInclude Include="src\Nutcracker\LayerStack.h" />
  </ItemGroup>
  <ItemGroup>
    <ClCompile Include="src\Nutcracker\Application.cpp">
      <Filter>Nutcracker</Filter>
    </ClCompile>
    <ClCompile Include="src\Nutcracker\Log.cpp">
      <Filter>Nutcracker</Filter>
    </ClCompile>
    <ClCompile Include="src\Nutcracker\Platform\WindowsWindow.cpp">
      <Filter>Nutcracker\Platform</Filter>
    </ClCompile>
    <ClCompile Include="src\ncpch.cpp" />
    <ClCompile Include="src\Nutcracker\Layer.cpp" />
    <ClCompile Include="src\Nutcracker\LayerStack.cpp" />
  </ItemGroup>
</Project>